
Microsoft Visual Studio Solution File, Format Version 12.00
# Visual Studio 15
VisualStudioVersion = 15.0.27428.2002
MinimumVisualStudioVersion = 10.0.40219.1
Project("{FAE04EC0-301F-11D3-BF4B-00C04F79EFBC}") = "AspNetEngine", "AspNetEngine\AspNetEngine.csproj", "{9017AB7C-E605-4EA8-9E38-CB745231657C}"
EndProject
Project("{FAE04EC0-301F-11D3-BF4B-00C04F79EFBC}") = "ASPNETHandler", "ASPNETHandler\ASPNETHandler.csproj", "{B30051B1-616A-4669-A06E-7A9C601435F7}"
EndProject
Project("{FAE04EC0-301F-11D3-BF4B-00C04F79EFBC}") = "WebBackgroundJobs", "WebBackgroundJobs\WebBackgroundJobs.csproj", "{FE49F8F1-9F24-40B4-A06F-905B08D564ED}"
EndProject
Project("{FAE04EC0-301F-11D3-BF4B-00C04F79EFBC}") = "HttpMeans", "HttpMeans\HttpMeans.csproj", "{6466645E-0640-44E2-8637-994029405E63}"
EndProject
Global
	GlobalSection(SolutionConfigurationPlatforms) = preSolution
		Debug|Any CPU = Debug|Any CPU
		Release|Any CPU = Release|Any CPU
	EndGlobalSection
	GlobalSection(ProjectConfigurationPlatforms) = postSolution
		{9017AB7C-E605-4EA8-9E38-CB745231657C}.Debug|Any CPU.ActiveCfg = Debug|Any CPU
		{9017AB7C-E605-4EA8-9E38-CB745231657C}.Debug|Any CPU.Build.0 = Debug|Any CPU
		{9017AB7C-E605-4EA8-9E38-CB745231657C}.Release|Any CPU.ActiveCfg = Release|Any CPU
		{9017AB7C-E605-4EA8-9E38-CB745231657C}.Release|Any CPU.Build.0 = Release|Any CPU
		{B30051B1-616A-4669-A06E-7A9C601435F7}.Debug|Any CPU.ActiveCfg = Debug|Any CPU
		{B30051B1-616A-4669-A06E-7A9C601435F7}.Debug|Any CPU.Build.0 = Debug|Any CPU
		{B30051B1-616A-4669-A06E-7A9C601435F7}.Release|Any CPU.ActiveCfg = Release|Any CPU
		{B30051B1-616A-4669-A06E-7A9C601435F7}.Release|Any CPU.Build.0 = Release|Any CPU
		{FE49F8F1-9F24-40B4-A06F-905B08D564ED}.Debug|Any CPU.ActiveCfg = Debug|Any CPU
		{FE49F8F1-9F24-40B4-A06F-905B08D564ED}.Debug|Any CPU.Build.0 = Debug|Any CPU
		{FE49F8F1-9F24-40B4-A06F-905B08D564ED}.Release|Any CPU.ActiveCfg = Release|Any CPU
		{FE49F8F1-9F24-40B4-A06F-905B08D564ED}.Release|Any CPU.Build.0 = Release|Any CPU
		{6466645E-0640-44E2-8637-994029405E63}.Debug|Any CPU.ActiveCfg = Debug|Any CPU
		{6466645E-0640-44E2-8637-994029405E63}.Debug|Any CPU.Build.0 = Debug|Any CPU
		{6466645E-0640-44E2-8637-994029405E63}.Release|Any CPU.ActiveCfg = Release|Any CPU
		{6466645E-0640-44E2-8637-994029405E63}.Release|Any CPU.Build.0 = Release|Any CPU
	EndGlobalSection
	GlobalSection(SolutionProperties) = preSolution
		HideSolutionNode = FALSE
	EndGlobalSection
	GlobalSection(ExtensibilityGlobals) = postSolution
		SolutionGuid = {5B51CF68-CF92-4563-9669-858F97B563D7}
	EndGlobalSection
EndGlobal
